# THIS IS AN AUTOGENERATED FILE. DO NOT EDIT THIS FILE DIRECTLY.
# yarn lockfile v1


"@aws-cdk/assets@1.170.0":
  version "1.170.0"
  resolved "https://registry.yarnpkg.com/@aws-cdk/assets/-/assets-1.170.0.tgz#21c6f1beae588cd210953695cc81b37787a9722b"
  integrity sha512-OB3yw4TEaBzgIXBWme4MS8rmisCVc1ZGjD5ugC4BZFjVzoa+BgGK3aydecATbnaAGXNfSln8rRpLwN3sDC69Qg==
  dependencies:
    "@aws-cdk/core" "1.170.0"
    "@aws-cdk/cx-api" "1.170.0"
    constructs "^3.3.69"

"@aws-cdk/aws-acmpca@1.170.0":
  version "1.170.0"
  resolved "https://registry.yarnpkg.com/@aws-cdk/aws-acmpca/-/aws-acmpca-1.170.0.tgz#375a3a6dc5a648ecefb8f96e005b1a376b022293"
  integrity sha512-RFWBIfwFJG20NV0adsutnpC0h3GiFLEIW+E8qFDk4QbI5T/2gL4FTvsQ7jl9l+HF/UmWEw5h45k0MSenAg1bAg==
  dependencies:
    "@aws-cdk/core" "1.170.0"
    constructs "^3.3.69"

"@aws-cdk/aws-apigatewayv2-integrations@^1.170.0":
  version "1.170.0"
  resolved "https://registry.yarnpkg.com/@aws-cdk/aws-apigatewayv2-integrations/-/aws-apigatewayv2-integrations-1.170.0.tgz#80e169e1f891d8df43194ba7ba1c2728e716ff63"
  integrity sha512-XknSjirHvUEuCMm9vSZVZxI2xNZVjPJrBibUJHLD1MLRu77d0oVEw2ml37ewZIjx2elfSd7dW/UP+gQ3x5X+Uw==
  dependencies:
    "@aws-cdk/aws-apigatewayv2" "1.170.0"
    "@aws-cdk/aws-ec2" "1.170.0"
    "@aws-cdk/aws-elasticloadbalancingv2" "1.170.0"
    "@aws-cdk/aws-iam" "1.170.0"
    "@aws-cdk/aws-lambda" "1.170.0"
    "@aws-cdk/aws-servicediscovery" "1.170.0"
    "@aws-cdk/core" "1.170.0"
    constructs "^3.3.69"

"@aws-cdk/aws-apigatewayv2@1.170.0", "@aws-cdk/aws-apigatewayv2@^1.170.0":
  version "1.170.0"
  resolved "https://registry.yarnpkg.com/@aws-cdk/aws-apigatewayv2/-/aws-apigatewayv2-1.170.0.tgz#3524ba96b1ae704db8cc80405fdc2821facd1081"
  integrity sha512-ZJ8eJVpt85buaJpbnuDpRraPXkzlOnq3yQlPkrt4VWI7pfWyR5e8roiplBLkrhon0PCQqWyDv5yzaiBIMvq4/w==
  dependencies:
    "@aws-cdk/aws-certificatemanager" "1.170.0"
    "@aws-cdk/aws-cloudwatch" "1.170.0"
    "@aws-cdk/aws-ec2" "1.170.0"
    "@aws-cdk/aws-iam" "1.170.0"
    "@aws-cdk/aws-s3" "1.170.0"
    "@aws-cdk/core" "1.170.0"
    constructs "^3.3.69"

"@aws-cdk/aws-applicationautoscaling@1.170.0":
  version "1.170.0"
  resolved "https://registry.yarnpkg.com/@aws-cdk/aws-applicationautoscaling/-/aws-applicationautoscaling-1.170.0.tgz#aed0c486d43fc327040f72303cb8bc476a80a24e"
  integrity sha512-Il1RQTgFOOzDBFJMgBhIvklAEetmKx229VVPKrlxYLZJboLydDcCdiNhBjl8Gp522R4RiQV9BQ/B5RSCgC9MwQ==
  dependencies:
    "@aws-cdk/aws-autoscaling-common" "1.170.0"
    "@aws-cdk/aws-cloudwatch" "1.170.0"
    "@aws-cdk/aws-iam" "1.170.0"
    "@aws-cdk/core" "1.170.0"
    constructs "^3.3.69"

"@aws-cdk/aws-autoscaling-common@1.170.0":
  version "1.170.0"
  resolved "https://registry.yarnpkg.com/@aws-cdk/aws-autoscaling-common/-/aws-autoscaling-common-1.170.0.tgz#9d2dbae0fca3bac46285f47d776f6d2e33b130e9"
  integrity sha512-+D7rdpjV1AUJPWCvLUeQxrr9Cxl6XSOeMZciYh0fcumORs6O+6YavkGZWeKNLpdwVTqF0NIjeP2/JfzixvAJYA==
  dependencies:
    "@aws-cdk/aws-iam" "1.170.0"
    "@aws-cdk/core" "1.170.0"
    constructs "^3.3.69"

"@aws-cdk/aws-certificatemanager@1.170.0":
  version "1.170.0"
  resolved "https://registry.yarnpkg.com/@aws-cdk/aws-certificatemanager/-/aws-certificatemanager-1.170.0.tgz#41d9e6fb4c2e1b28c4c2942e082c731e79e348af"
  integrity sha512-MVr6lavW5x1C8SHzm9mCHGdchhI3tbUOXNN0cm7hox5Dkt5dlfnK52ryiEc87C72j8FPcBJkRBc6WBv0lLI7uQ==
  dependencies:
    "@aws-cdk/aws-acmpca" "1.170.0"
    "@aws-cdk/aws-cloudwatch" "1.170.0"
    "@aws-cdk/aws-iam" "1.170.0"
    "@aws-cdk/aws-lambda" "1.170.0"
    "@aws-cdk/aws-route53" "1.170.0"
    "@aws-cdk/core" "1.170.0"
    constructs "^3.3.69"

"@aws-cdk/aws-cloudformation@1.170.0":
  version "1.170.0"
  resolved "https://registry.yarnpkg.com/@aws-cdk/aws-cloudformation/-/aws-cloudformation-1.170.0.tgz#0035752f5cf53e77cf4ded428aa32678b3132d5f"
  integrity sha512-4zT9HA1mjSnIGJnk5IIzVlT2l2ZXEiG+4Gb5zCDPSQy4D8ob+/uA7ahIi5VmWr0r1Zx1brrKPwId14zIt/cBPQ==
  dependencies:
    "@aws-cdk/aws-iam" "1.170.0"
    "@aws-cdk/aws-lambda" "1.170.0"
    "@aws-cdk/aws-s3" "1.170.0"
    "@aws-cdk/aws-sns" "1.170.0"
    "@aws-cdk/core" "1.170.0"
    "@aws-cdk/cx-api" "1.170.0"
    constructs "^3.3.69"

"@aws-cdk/aws-cloudfront@1.170.0":
  version "1.170.0"
  resolved "https://registry.yarnpkg.com/@aws-cdk/aws-cloudfront/-/aws-cloudfront-1.170.0.tgz#391f2fc562e002e579d33978c5227c95d2317e8d"
  integrity sha512-AIw47YT2ZpyCjfk5txgROyg8dIfiy7ylC1ysci9cTxE7ONY7CWRJi4160a2+Pfej8IkSOr9Q8T12tZVmv6hChw==
  dependencies:
    "@aws-cdk/aws-certificatemanager" "1.170.0"
    "@aws-cdk/aws-cloudwatch" "1.170.0"
    "@aws-cdk/aws-ec2" "1.170.0"
    "@aws-cdk/aws-iam" "1.170.0"
    "@aws-cdk/aws-kms" "1.170.0"
    "@aws-cdk/aws-lambda" "1.170.0"
    "@aws-cdk/aws-s3" "1.170.0"
    "@aws-cdk/aws-ssm" "1.170.0"
    "@aws-cdk/core" "1.170.0"
    "@aws-cdk/cx-api" "1.170.0"
    constructs "^3.3.69"

"@aws-cdk/aws-cloudwatch@1.170.0":
  version "1.170.0"
  resolved "https://registry.yarnpkg.com/@aws-cdk/aws-cloudwatch/-/aws-cloudwatch-1.170.0.tgz#cfedcd88e4a489f4d6e1fd6e427a81a3da842d2a"
  integrity sha512-5FlDJhV9/kdRyIUACcrnttVCDOqNzdEBeqegx6B6j1yOtANCsoF71tQP3u1KGtYIdhlGet52z8v85MPYpWZE3g==
  dependencies:
    "@aws-cdk/aws-iam" "1.170.0"
    "@aws-cdk/core" "1.170.0"
    constructs "^3.3.69"

"@aws-cdk/aws-codeguruprofiler@1.170.0":
  version "1.170.0"
  resolved "https://registry.yarnpkg.com/@aws-cdk/aws-codeguruprofiler/-/aws-codeguruprofiler-1.170.0.tgz#68d42f351be65a4e9b912ef9f41d38b17064fc33"
  integrity sha512-sJhSyALipfwdSeUhnB0tJ8Jy6wutcPo2Uvbb1tMp0kB1EhaUHIekWy7hPp7uMiyhww4OFsvb9yrm/V+V71j98g==
  dependencies:
    "@aws-cdk/aws-iam" "1.170.0"
    "@aws-cdk/core" "1.170.0"
    constructs "^3.3.69"

"@aws-cdk/aws-codestarnotifications@1.170.0":
  version "1.170.0"
  resolved "https://registry.yarnpkg.com/@aws-cdk/aws-codestarnotifications/-/aws-codestarnotifications-1.170.0.tgz#c50e1d3bc5a6ba0382cff8bafdf7983acf1cfe60"
  integrity sha512-4FJVsX0JBWDBV2XvWfe8KkvsRJdzZoBdyMCzb1SP6Fe6+kMShc+5vNwBD7pdMOam+3FFJ2tMpJKzuUFsRH9HxQ==
  dependencies:
    "@aws-cdk/core" "1.170.0"
    constructs "^3.3.69"

"@aws-cdk/aws-ec2@1.170.0":
  version "1.170.0"
  resolved "https://registry.yarnpkg.com/@aws-cdk/aws-ec2/-/aws-ec2-1.170.0.tgz#866753ba4b756c15d42fe9aab22c23d5ab414f98"
  integrity sha512-xFP3IBpL+3yvsTXnVxkzllKzT98ah3q7StyYox4xi4UpdlwPMcwgmQkqh1Ch4iHbPEy5AxfcY4s4dczBfKi1Dw==
  dependencies:
    "@aws-cdk/aws-cloudwatch" "1.170.0"
    "@aws-cdk/aws-iam" "1.170.0"
    "@aws-cdk/aws-kms" "1.170.0"
    "@aws-cdk/aws-logs" "1.170.0"
    "@aws-cdk/aws-s3" "1.170.0"
    "@aws-cdk/aws-s3-assets" "1.170.0"
    "@aws-cdk/aws-ssm" "1.170.0"
    "@aws-cdk/cloud-assembly-schema" "1.170.0"
    "@aws-cdk/core" "1.170.0"
    "@aws-cdk/cx-api" "1.170.0"
    "@aws-cdk/region-info" "1.170.0"
    constructs "^3.3.69"

"@aws-cdk/aws-ecr-assets@1.170.0":
  version "1.170.0"
  resolved "https://registry.yarnpkg.com/@aws-cdk/aws-ecr-assets/-/aws-ecr-assets-1.170.0.tgz#8d15a8955adf2f6fc4b0865619798ab50bb564d5"
  integrity sha512-f8lAfENTtsQnTFmCW6DNrZP6xnpV1EHpECGNYSsVlf15KS5XZICg2++1DFnbWHYfrvBBqAGmuBKCe3wgV/eNrw==
  dependencies:
    "@aws-cdk/assets" "1.170.0"
    "@aws-cdk/aws-ecr" "1.170.0"
    "@aws-cdk/aws-iam" "1.170.0"
    "@aws-cdk/aws-s3" "1.170.0"
    "@aws-cdk/core" "1.170.0"
    "@aws-cdk/cx-api" "1.170.0"
    constructs "^3.3.69"

"@aws-cdk/aws-ecr@1.170.0":
  version "1.170.0"
  resolved "https://registry.yarnpkg.com/@aws-cdk/aws-ecr/-/aws-ecr-1.170.0.tgz#69ec2ccc7b7130764ad988801ec8b5a8b1c88367"
  integrity sha512-pgCF1gy/fgB3NSFogFTrErWloUUJxfe9S45BSkCGlpHLrfWv1ba96eChJCS1Kx/aq7IE2HqgheZ2oXbjXzMJEg==
  dependencies:
    "@aws-cdk/aws-events" "1.170.0"
    "@aws-cdk/aws-iam" "1.170.0"
    "@aws-cdk/aws-kms" "1.170.0"
    "@aws-cdk/core" "1.170.0"
    constructs "^3.3.69"

"@aws-cdk/aws-efs@1.170.0":
  version "1.170.0"
  resolved "https://registry.yarnpkg.com/@aws-cdk/aws-efs/-/aws-efs-1.170.0.tgz#5607c1a1aa8739253ebfe7c145c7133983355197"
  integrity sha512-wh9lks6l/h1d3xOw/Ck2QXDdoNsdkvHkrmvwhpozBURdguMOc2QRD4hVDhcxLZAhAxXBseaB32qyCdr/kGdxEQ==
  dependencies:
    "@aws-cdk/aws-ec2" "1.170.0"
    "@aws-cdk/aws-iam" "1.170.0"
    "@aws-cdk/aws-kms" "1.170.0"
    "@aws-cdk/cloud-assembly-schema" "1.170.0"
    "@aws-cdk/core" "1.170.0"
    "@aws-cdk/cx-api" "1.170.0"
    constructs "^3.3.69"

"@aws-cdk/aws-elasticloadbalancingv2@1.170.0":
  version "1.170.0"
  resolved "https://registry.yarnpkg.com/@aws-cdk/aws-elasticloadbalancingv2/-/aws-elasticloadbalancingv2-1.170.0.tgz#375a82982dd41f91d4dd81319c12a489c6e82dfd"
  integrity sha512-cBtiRWFtCGmwO0wHZMVO/bAeGLyGqBQwCWIEOLLKQ5hOfD96nOb0nSBCAkbABi1F+oxf/gIy65JypsqosV5vog==
  dependencies:
    "@aws-cdk/aws-certificatemanager" "1.170.0"
    "@aws-cdk/aws-cloudwatch" "1.170.0"
    "@aws-cdk/aws-ec2" "1.170.0"
    "@aws-cdk/aws-iam" "1.170.0"
    "@aws-cdk/aws-lambda" "1.170.0"
    "@aws-cdk/aws-route53" "1.170.0"
    "@aws-cdk/aws-s3" "1.170.0"
    "@aws-cdk/cloud-assembly-schema" "1.170.0"
    "@aws-cdk/core" "1.170.0"
    "@aws-cdk/cx-api" "1.170.0"
    "@aws-cdk/region-info" "1.170.0"
    constructs "^3.3.69"

"@aws-cdk/aws-events@1.170.0":
  version "1.170.0"
  resolved "https://registry.yarnpkg.com/@aws-cdk/aws-events/-/aws-events-1.170.0.tgz#8f389fddfcfbc18e32a34a3a2a108e14c51dfdc1"
  integrity sha512-EGSUcee6Ssr3f81jUjll+DIVDV/kvE75AASXMaRK0e2LVAr9M/BMqqcjADUkKLfYtD1RzspjPu+NvYCiN8UANw==
  dependencies:
    "@aws-cdk/aws-iam" "1.170.0"
    "@aws-cdk/core" "1.170.0"
    constructs "^3.3.69"

"@aws-cdk/aws-iam@1.170.0":
  version "1.170.0"
  resolved "https://registry.yarnpkg.com/@aws-cdk/aws-iam/-/aws-iam-1.170.0.tgz#e67a5ee149b64f99063e55b66c5679115d85ed3c"
  integrity sha512-dmjDOEQffmpzwLI4anfr2lotN2JdFYexKWc6RmVjbtyalkJm1J5lFockcsNBzrQinNQlHlQvjmTgx1psayyQhA==
  dependencies:
    "@aws-cdk/core" "1.170.0"
    "@aws-cdk/cx-api" "1.170.0"
    "@aws-cdk/region-info" "1.170.0"
    constructs "^3.3.69"

"@aws-cdk/aws-kms@1.170.0":
  version "1.170.0"
  resolved "https://registry.yarnpkg.com/@aws-cdk/aws-kms/-/aws-kms-1.170.0.tgz#21f1ca213f4a1f832e3bb6ea5a20258c292e5d61"
  integrity sha512-CMrQ+8pqnYf1oqhHOEbb+K12+0mVsIMblze1bNoMAJ5/WX4XeblMa7ujCx31BYZ2rFqL66Ij0r9VkKEOUNfOgA==
  dependencies:
    "@aws-cdk/aws-iam" "1.170.0"
    "@aws-cdk/cloud-assembly-schema" "1.170.0"
    "@aws-cdk/core" "1.170.0"
    "@aws-cdk/cx-api" "1.170.0"
    constructs "^3.3.69"

"@aws-cdk/aws-lambda-nodejs@^1.170.0":
  version "1.170.0"
  resolved "https://registry.yarnpkg.com/@aws-cdk/aws-lambda-nodejs/-/aws-lambda-nodejs-1.170.0.tgz#bfbacad8381688982b748fc4034df886552b2517"
  integrity sha512-6QUSiDRXli0R7nZdOwVkAxGM/Q+YQHjoW0gEmQpSKdo+jHl9jL85eRSiyHO+0OWCTJnZHK8jza8ATesR6BhLEg==
  dependencies:
    "@aws-cdk/aws-lambda" "1.170.0"
    "@aws-cdk/core" "1.170.0"
    constructs "^3.3.69"

"@aws-cdk/aws-lambda@1.170.0", "@aws-cdk/aws-lambda@^1.170.0":
  version "1.170.0"
  resolved "https://registry.yarnpkg.com/@aws-cdk/aws-lambda/-/aws-lambda-1.170.0.tgz#d9d0a643e6b07de5d484167288e548cd799bd82b"
  integrity sha512-jhv7YYZqGKz8coH9DgnOZrVe1ZOVoQF69o/wSMQkyaOIAyM2z5u1yoiO3Ar0tykXUitN9KyvDqXseB3xMcDq2Q==
  dependencies:
    "@aws-cdk/aws-applicationautoscaling" "1.170.0"
    "@aws-cdk/aws-cloudwatch" "1.170.0"
    "@aws-cdk/aws-codeguruprofiler" "1.170.0"
    "@aws-cdk/aws-ec2" "1.170.0"
    "@aws-cdk/aws-ecr" "1.170.0"
    "@aws-cdk/aws-ecr-assets" "1.170.0"
    "@aws-cdk/aws-efs" "1.170.0"
    "@aws-cdk/aws-events" "1.170.0"
    "@aws-cdk/aws-iam" "1.170.0"
    "@aws-cdk/aws-kms" "1.170.0"
    "@aws-cdk/aws-logs" "1.170.0"
    "@aws-cdk/aws-s3" "1.170.0"
    "@aws-cdk/aws-s3-assets" "1.170.0"
    "@aws-cdk/aws-signer" "1.170.0"
    "@aws-cdk/aws-sns" "1.170.0"
    "@aws-cdk/aws-sqs" "1.170.0"
    "@aws-cdk/core" "1.170.0"
    "@aws-cdk/cx-api" "1.170.0"
    "@aws-cdk/region-info" "1.170.0"
    constructs "^3.3.69"

"@aws-cdk/aws-logs@1.170.0":
  version "1.170.0"
  resolved "https://registry.yarnpkg.com/@aws-cdk/aws-logs/-/aws-logs-1.170.0.tgz#e16350bde8d0062918829eab32ecd2505ebb8475"
  integrity sha512-YpbGVvngOSjbm+cqUtf8SD42IVKIVJBRCj736fa8s0eg37OfG/6CetCvz06nulk+DgQ5aEE/wXp5ym0yPnq6Jw==
  dependencies:
    "@aws-cdk/aws-cloudwatch" "1.170.0"
    "@aws-cdk/aws-iam" "1.170.0"
    "@aws-cdk/aws-kms" "1.170.0"
    "@aws-cdk/aws-s3-assets" "1.170.0"
    "@aws-cdk/core" "1.170.0"
    "@aws-cdk/cx-api" "1.170.0"
    constructs "^3.3.69"

"@aws-cdk/aws-route53@1.170.0":
  version "1.170.0"
  resolved "https://registry.yarnpkg.com/@aws-cdk/aws-route53/-/aws-route53-1.170.0.tgz#6667db147865eb35c67a5557da4edd059038f5f0"
  integrity sha512-M4BWq8+aN3EMq2HQDiF+TOoHHLlsNd5L+NeYKWCx4GEWqJoLsUMkQ3HT/WmdkftFR0CJC9S5TrPnQW+x0nAbvQ==
  dependencies:
    "@aws-cdk/aws-ec2" "1.170.0"
    "@aws-cdk/aws-iam" "1.170.0"
    "@aws-cdk/aws-logs" "1.170.0"
    "@aws-cdk/cloud-assembly-schema" "1.170.0"
    "@aws-cdk/core" "1.170.0"
    "@aws-cdk/custom-resources" "1.170.0"
    constructs "^3.3.69"

"@aws-cdk/aws-s3-assets@1.170.0":
  version "1.170.0"
  resolved "https://registry.yarnpkg.com/@aws-cdk/aws-s3-assets/-/aws-s3-assets-1.170.0.tgz#afa52b2da686b344dc138661e4fc2157ff8d6f46"
  integrity sha512-1R7PHdfIi7or0xcjmdQczffgL7JK5l5zOAibDby4xu/I0W5rjooFP0YcZTPaiYXyJDVp8s67vd6/8zo9kimPsg==
  dependencies:
    "@aws-cdk/assets" "1.170.0"
    "@aws-cdk/aws-iam" "1.170.0"
    "@aws-cdk/aws-kms" "1.170.0"
    "@aws-cdk/aws-s3" "1.170.0"
    "@aws-cdk/core" "1.170.0"
    "@aws-cdk/cx-api" "1.170.0"
    constructs "^3.3.69"

"@aws-cdk/aws-s3-deployment@^1.170.0":
  version "1.170.0"
  resolved "https://registry.yarnpkg.com/@aws-cdk/aws-s3-deployment/-/aws-s3-deployment-1.170.0.tgz#6cd8be4941965793e6e04dd9c0f318e02fc089b8"
  integrity sha512-ompp97qg/wGolN1HkQVy13IuxI6xK6mTCYYsVUMZPCXCptA4DZe8HIiWCVaS09LHczLKgnDZqGjMXypWZS0ppw==
  dependencies:
    "@aws-cdk/aws-cloudfront" "1.170.0"
    "@aws-cdk/aws-ec2" "1.170.0"
    "@aws-cdk/aws-efs" "1.170.0"
    "@aws-cdk/aws-iam" "1.170.0"
    "@aws-cdk/aws-lambda" "1.170.0"
    "@aws-cdk/aws-logs" "1.170.0"
    "@aws-cdk/aws-s3" "1.170.0"
    "@aws-cdk/aws-s3-assets" "1.170.0"
    "@aws-cdk/core" "1.170.0"
    "@aws-cdk/lambda-layer-awscli" "1.170.0"
    case "1.6.3"
    constructs "^3.3.69"

"@aws-cdk/aws-s3@1.170.0", "@aws-cdk/aws-s3@^1.170.0":
  version "1.170.0"
  resolved "https://registry.yarnpkg.com/@aws-cdk/aws-s3/-/aws-s3-1.170.0.tgz#100c2a7a23b9c255b946bb658ec8d457ee2da13e"
  integrity sha512-1TuXowYfVEiez9TtEFQcyMTFtJO9xDa30P9AZH5ztxDo6qf4D/VS/m/TcM2znwBHedkntlkcxvbpUVfV8I2XPw==
  dependencies:
    "@aws-cdk/aws-events" "1.170.0"
    "@aws-cdk/aws-iam" "1.170.0"
    "@aws-cdk/aws-kms" "1.170.0"
    "@aws-cdk/core" "1.170.0"
    "@aws-cdk/cx-api" "1.170.0"
    constructs "^3.3.69"

"@aws-cdk/aws-servicediscovery@1.170.0":
  version "1.170.0"
  resolved "https://registry.yarnpkg.com/@aws-cdk/aws-servicediscovery/-/aws-servicediscovery-1.170.0.tgz#9815cf92d9a6c113dcd0c9e84438cf6485f17116"
  integrity sha512-RGcxGL0P9RvMSHlB5sfF5as+ayq9b/Er8+ZuOBSgXa80YBomMxE7DIDsYY4TP0KOHZb5Ov8CyKCQEUTMXoEruA==
  dependencies:
    "@aws-cdk/aws-ec2" "1.170.0"
    "@aws-cdk/aws-elasticloadbalancingv2" "1.170.0"
    "@aws-cdk/aws-route53" "1.170.0"
    "@aws-cdk/core" "1.170.0"
    constructs "^3.3.69"

"@aws-cdk/aws-signer@1.170.0":
  version "1.170.0"
  resolved "https://registry.yarnpkg.com/@aws-cdk/aws-signer/-/aws-signer-1.170.0.tgz#1c38aebdf25994342ba3b571afabc0c24f9d6e51"
  integrity sha512-zHF38IReCLVckC9wWesRu8MBf+On4dOZmangiAGpuQgdStVkF0hu/LqFLoPKB1Biwq4L3dCoQgzxPvkBwnwE8A==
  dependencies:
    "@aws-cdk/core" "1.170.0"
    constructs "^3.3.69"

"@aws-cdk/aws-sns@1.170.0":
  version "1.170.0"
  resolved "https://registry.yarnpkg.com/@aws-cdk/aws-sns/-/aws-sns-1.170.0.tgz#e2b47065bfa2fd2786fd5df6aa32945e4ea15279"
  integrity sha512-MLEZTbTrKZPwkoYJH2nK6Pgw4lXX2fNPfjm2v8EROtg3emNQ8hFOSXTCgrk+5H1ZT+DsCeMv3/DIZbvyFNbpQw==
  dependencies:
    "@aws-cdk/aws-cloudwatch" "1.170.0"
    "@aws-cdk/aws-codestarnotifications" "1.170.0"
    "@aws-cdk/aws-events" "1.170.0"
    "@aws-cdk/aws-iam" "1.170.0"
    "@aws-cdk/aws-kms" "1.170.0"
    "@aws-cdk/aws-sqs" "1.170.0"
    "@aws-cdk/core" "1.170.0"
    constructs "^3.3.69"

"@aws-cdk/aws-sqs@1.170.0":
  version "1.170.0"
  resolved "https://registry.yarnpkg.com/@aws-cdk/aws-sqs/-/aws-sqs-1.170.0.tgz#628a22878067a883dd77757d638e7d82d99b6598"
  integrity sha512-jEOJnHgAa0qjZz9KpggOLtyeTJHjYjMYfdusYMumCXpMkXGZ2LKbnhYyY5jJa9U7ZijswY55xusi0biHBdlRVQ==
  dependencies:
    "@aws-cdk/aws-cloudwatch" "1.170.0"
    "@aws-cdk/aws-iam" "1.170.0"
    "@aws-cdk/aws-kms" "1.170.0"
    "@aws-cdk/core" "1.170.0"
    constructs "^3.3.69"

"@aws-cdk/aws-ssm@1.170.0":
  version "1.170.0"
  resolved "https://registry.yarnpkg.com/@aws-cdk/aws-ssm/-/aws-ssm-1.170.0.tgz#20a3d329bd1b8f40be81c841941e69326b6f80eb"
  integrity sha512-cZbt4dcGG4fwXjU6FcNZ/1wOgdBBWzB8PMP67yvYaZttEW8tDExzbQIvx0ItcF+WuG69719HLxAlGlnQkJ8mEw==
  dependencies:
    "@aws-cdk/aws-iam" "1.170.0"
    "@aws-cdk/aws-kms" "1.170.0"
    "@aws-cdk/cloud-assembly-schema" "1.170.0"
    "@aws-cdk/core" "1.170.0"
    constructs "^3.3.69"

"@aws-cdk/cloud-assembly-schema@1.170.0":
  version "1.170.0"
  resolved "https://registry.yarnpkg.com/@aws-cdk/cloud-assembly-schema/-/cloud-assembly-schema-1.170.0.tgz#a5c185e0c9ed7fb1b403e4d6bc6862e0f7da05dc"
  integrity sha512-Sw1bSNVMOvcJymAQFBUZXHryYSpZxmTnVJDIu/ZobXbHpD+4kS6f+5MoMbG7QuS+yjUxoqOU79b5sj5o5BXhbQ==
  dependencies:
    jsonschema "^1.4.1"
    semver "^7.3.7"

"@aws-cdk/core@1.170.0", "@aws-cdk/core@^1.170.0":
  version "1.170.0"
  resolved "https://registry.yarnpkg.com/@aws-cdk/core/-/core-1.170.0.tgz#0c12c074208132de3a533655324ec8f6c0ada40c"
  integrity sha512-KjQz+0TYzstf7avDJ3HP9qbyYRGSyfqPDLK/tBAa531ZDXlnSAyLhvHE8Oj+Vc1xtUfKs7wMb/dimi0sf6Ersg==
  dependencies:
    "@aws-cdk/cloud-assembly-schema" "1.170.0"
    "@aws-cdk/cx-api" "1.170.0"
    "@aws-cdk/region-info" "1.170.0"
    "@balena/dockerignore" "^1.0.2"
    constructs "^3.3.69"
    fs-extra "^9.1.0"
    ignore "^5.2.0"
    minimatch "^3.1.2"

"@aws-cdk/custom-resources@1.170.0":
  version "1.170.0"
  resolved "https://registry.yarnpkg.com/@aws-cdk/custom-resources/-/custom-resources-1.170.0.tgz#f98f0ea006deea5b3ebba55a84de2b8b19f11938"
  integrity sha512-mlOYAtbiEwz1Ri3cKuIi6Z5IXTzgU2HQ5knv9IOimCGGXHFj+HQsYzT/pzoQMA0rEA+tLAHK8w1bFGvuR5zAGw==
  dependencies:
    "@aws-cdk/aws-cloudformation" "1.170.0"
    "@aws-cdk/aws-ec2" "1.170.0"
    "@aws-cdk/aws-iam" "1.170.0"
    "@aws-cdk/aws-lambda" "1.170.0"
    "@aws-cdk/aws-logs" "1.170.0"
    "@aws-cdk/aws-sns" "1.170.0"
    "@aws-cdk/core" "1.170.0"
    constructs "^3.3.69"

"@aws-cdk/cx-api@1.170.0":
  version "1.170.0"
  resolved "https://registry.yarnpkg.com/@aws-cdk/cx-api/-/cx-api-1.170.0.tgz#2d4b3d5167e43c27d369584e9662637d12672175"
  integrity sha512-nhgX5kDdCDuzbvaSYM/NHUWEbzIs6PR4vR2nW3mIGXBbBtzKAtpwKzo4k/euSU7mj0TRqrnfMcRvNeq9nosOZQ==
  dependencies:
    "@aws-cdk/cloud-assembly-schema" "1.170.0"
    semver "^7.3.7"

"@aws-cdk/lambda-layer-awscli@1.170.0":
  version "1.170.0"
  resolved "https://registry.yarnpkg.com/@aws-cdk/lambda-layer-awscli/-/lambda-layer-awscli-1.170.0.tgz#9056f69f9c55b7ebd99fe623d3dfc3adf67b7aed"
  integrity sha512-WXVgYyBsM2BHMCDNuDyri03+ZG9pshqwbkG64ubNp03TiLR79PqBbYiyQ8vbiCTbfWL+DT8+4WFOl0lJIpQg/w==
  dependencies:
    "@aws-cdk/aws-lambda" "1.170.0"
    "@aws-cdk/core" "1.170.0"
    constructs "^3.3.69"

"@aws-cdk/region-info@1.170.0":
  version "1.170.0"
  resolved "https://registry.yarnpkg.com/@aws-cdk/region-info/-/region-info-1.170.0.tgz#b118c3072c6404541cae4c656778f287a66a52fc"
  integrity sha512-Xs8cV6Xwm5udGFGJUoXepGoa1DaROHjjVC1kAR0lCtu75tQypW7v3Mj7ZTmGp5puBWwlpHX+zUR9NHB7XA+N3A==

"@balena/dockerignore@^1.0.2":
  version "1.0.2"
  resolved "https://registry.yarnpkg.com/@balena/dockerignore/-/dockerignore-1.0.2.tgz#9ffe4726915251e8eb69f44ef3547e0da2c03e0d"
  integrity sha512-wMue2Sy4GAVTk6Ic4tJVcnfdau+gx2EnG7S+uAEe+TWJFqE4YoWN4/H8MSLj4eYJKxGg26lZwboEniNiNwZQ6Q==

"@cspotcode/source-map-support@^0.8.0":
  version "0.8.1"
  resolved "https://registry.yarnpkg.com/@cspotcode/source-map-support/-/source-map-support-0.8.1.tgz#00629c35a688e05a88b1cda684fb9d5e73f000a1"
  integrity sha512-IchNf6dN4tHoMFIn/7OE8LWZ19Y6q/67Bmf6vnGREv8RSbBVb9LPJxEcnwrcwX6ixSvaiGoomAUvu4YSxXrVgw==
  dependencies:
    "@jridgewell/trace-mapping" "0.3.9"

"@esbuild/linux-loong64@0.15.5":
  version "0.15.5"
  resolved "https://registry.yarnpkg.com/@esbuild/linux-loong64/-/linux-loong64-0.15.5.tgz#91aef76d332cdc7c8942b600fa2307f3387e6f82"
  integrity sha512-UHkDFCfSGTuXq08oQltXxSZmH1TXyWsL+4QhZDWvvLl6mEJQqk3u7/wq1LjhrrAXYIllaTtRSzUXl4Olkf2J8A==

"@jridgewell/resolve-uri@^3.0.3":
  version "3.1.0"
  resolved "https://registry.yarnpkg.com/@jridgewell/resolve-uri/-/resolve-uri-3.1.0.tgz#2203b118c157721addfe69d47b70465463066d78"
  integrity sha512-F2msla3tad+Mfht5cJq7LSXcdudKTWCVYUgw6pLFOOHSTtZlj6SWNYAp+AhuqLmWdBO2X5hPrLcu8cVP8fy28w==

"@jridgewell/sourcemap-codec@^1.4.10":
  version "1.4.14"
  resolved "https://registry.yarnpkg.com/@jridgewell/sourcemap-codec/-/sourcemap-codec-1.4.14.tgz#add4c98d341472a289190b424efbdb096991bb24"
  integrity sha512-XPSJHWmi394fuUuzDnGz1wiKqWfo1yXecHQMRf2l6hztTO+nPru658AyDngaBe7isIxEkRsPR3FZh+s7iVa4Uw==

"@jridgewell/trace-mapping@0.3.9":
  version "0.3.9"
  resolved "https://registry.yarnpkg.com/@jridgewell/trace-mapping/-/trace-mapping-0.3.9.tgz#6534fd5933a53ba7cbf3a17615e273a0d1273ff9"
  integrity sha512-3Belt6tdc8bPgAtbcmdtNJlirVoTmEb5e2gC94PnkwEW9jI6CAHUeoG85tjWP5WquqfavoMtMwiG4P926ZKKuQ==
  dependencies:
    "@jridgewell/resolve-uri" "^3.0.3"
    "@jridgewell/sourcemap-codec" "^1.4.10"

"@tsconfig/node10@^1.0.7":
  version "1.0.9"
  resolved "https://registry.yarnpkg.com/@tsconfig/node10/-/node10-1.0.9.tgz#df4907fc07a886922637b15e02d4cebc4c0021b2"
  integrity sha512-jNsYVVxU8v5g43Erja32laIDHXeoNvFEpX33OK4d6hljo3jDhCBDhx5dhCCTMWUojscpAagGiRkBKxpdl9fxqA==

"@tsconfig/node12@^1.0.7":
  version "1.0.11"
  resolved "https://registry.yarnpkg.com/@tsconfig/node12/-/node12-1.0.11.tgz#ee3def1f27d9ed66dac6e46a295cffb0152e058d"
  integrity sha512-cqefuRsh12pWyGsIoBKJA9luFu3mRxCA+ORZvA4ktLSzIuCUtWVxGIuXigEwO5/ywWFMZ2QEGKWvkZG1zDMTag==

"@tsconfig/node14@^1.0.0":
  version "1.0.3"
  resolved "https://registry.yarnpkg.com/@tsconfig/node14/-/node14-1.0.3.tgz#e4386316284f00b98435bf40f72f75a09dabf6c1"
  integrity sha512-ysT8mhdixWK6Hw3i1V2AeRqZ5WfXg1G43mqoYlM2nc6388Fq5jcXyr5mRsqViLx/GJYdoL0bfXD8nmF+Zn/Iow==

"@tsconfig/node16@^1.0.2":
  version "1.0.3"
  resolved "https://registry.yarnpkg.com/@tsconfig/node16/-/node16-1.0.3.tgz#472eaab5f15c1ffdd7f8628bd4c4f753995ec79e"
  integrity sha512-yOlFc+7UtL/89t2ZhjPvvB/DeAr3r+Dq58IgzsFkOAvVC6NMJXmCGjbptdXdR9qsX7pKcTL+s87FtYREi2dEEQ==

"@types/aws-lambda@^8.10.102":
  version "8.10.102"
  resolved "https://registry.yarnpkg.com/@types/aws-lambda/-/aws-lambda-8.10.102.tgz#d2402224ec30cdddfb669005c25b6ee01fd6f5be"
  integrity sha512-BT05v46n9KtSHa9SgGuOvm49eSruJ9utD8iNXpdpuUVYk8wOcqmm1LEzpNRkrXxD0CULc38sdLpk6q3Wa2WOwg==

"@types/node@^18.7.13":
  version "18.7.13"
  resolved "https://registry.yarnpkg.com/@types/node/-/node-18.7.13.tgz#23e6c5168333480d454243378b69e861ab5c011a"
  integrity sha512-46yIhxSe5xEaJZXWdIBP7GU4HDTG8/eo0qd9atdiL+lFpA03y8KS+lkTN834TWJj5767GbWv4n/P6efyTFt1Dw==

acorn-walk@^8.1.1:
  version "8.2.0"
  resolved "https://registry.yarnpkg.com/acorn-walk/-/acorn-walk-8.2.0.tgz#741210f2e2426454508853a2f44d0ab83b7f69c1"
  integrity sha512-k+iyHEuPgSw6SbuDpGQM+06HQUa04DZ3o+F6CSzXMvvI5KMvnaEqXe+YVe555R9nn6GPt404fos4wcgpw12SDA==

acorn@^8.4.1:
  version "8.8.0"
  resolved "https://registry.yarnpkg.com/acorn/-/acorn-8.8.0.tgz#88c0187620435c7f6015803f5539dae05a9dbea8"
  integrity sha512-QOxyigPVrpZ2GXT+PFyZTl6TtOFc5egxHIP9IlQ+RbupQuX4RkT/Bee4/kQuC02Xkzg84JcT7oLYtDIQxp+v7w==

arg@^4.1.0:
  version "4.1.3"
  resolved "https://registry.yarnpkg.com/arg/-/arg-4.1.3.tgz#269fc7ad5b8e42cb63c896d5666017261c144089"
  integrity sha512-58S9QDqG0Xx27YwPSt9fJxivjYl432YCwfDMfZ+71RAqUrZef7LrKQZ3LHLOwCS4FLNBplP533Zx895SeOCHvA==

at-least-node@^1.0.0:
  version "1.0.0"
  resolved "https://registry.yarnpkg.com/at-least-node/-/at-least-node-1.0.0.tgz#602cd4b46e844ad4effc92a8011a3c46e0238dc2"
  integrity sha512-+q/t7Ekv1EDY2l6Gda6LLiX14rU9TV20Wa3ofeQmwPFZbOMo9DXrLbOjFaaclkXKWidIaopwAObQDqwWtGUjqg==

aws-cdk@^1.170.0:
  version "1.170.0"
  resolved "https://registry.yarnpkg.com/aws-cdk/-/aws-cdk-1.170.0.tgz#b20b6ee4c5a19eddfc2b611ad3c69201074fd884"
  integrity sha512-CbntC5HgwO1cg1gXus8O/tDdioYaZTUXpoicD1zVUxvTMJM8gcOqPrNgkOTkvOPlk8B09PWJLTfc6Irvyh5sUA==
  optionalDependencies:
    fsevents "2.3.2"

balanced-match@^1.0.0:
  version "1.0.2"
  resolved "https://registry.yarnpkg.com/balanced-match/-/balanced-match-1.0.2.tgz#e83e3a7e3f300b34cb9d87f615fa0cbf357690ee"
  integrity sha512-3oSeUO0TMV67hN1AmbXsK4yaqU7tjiHlbxRDZOpH0KW9+CeX4bRAaX0Anxt0tx2MrpRpWwQaPwIlISEJhYU5Pw==

brace-expansion@^1.1.7:
  version "1.1.11"
  resolved "https://registry.yarnpkg.com/brace-expansion/-/brace-expansion-1.1.11.tgz#3c7fcbf529d87226f3d2f52b966ff5271eb441dd"
  integrity sha512-iCuPHDFgrHX7H2vEI/5xpz07zSHB00TpugqhmYtVmMO6518mCuRMoOYFldEBl0g187ufozdaHgWKcYFb61qGiA==
  dependencies:
    balanced-match "^1.0.0"
    concat-map "0.0.1"

case@1.6.3:
  version "1.6.3"
  resolved "https://registry.yarnpkg.com/case/-/case-1.6.3.tgz#0a4386e3e9825351ca2e6216c60467ff5f1ea1c9"
  integrity sha512-mzDSXIPaFwVDvZAHqZ9VlbyF4yyXRuX6IvB06WvPYkqJVO24kX1PPhv9bfpKNFZyxYFmmgo03HUiD8iklmJYRQ==

concat-map@0.0.1:
  version "0.0.1"
  resolved "https://registry.yarnpkg.com/concat-map/-/concat-map-0.0.1.tgz#d8a96bd77fd68df7793a73036a3ba0d5405d477b"
  integrity sha512-/Srv4dswyQNBfohGpz9o6Yb3Gz3SrUDqBH5rTuhGR7ahtlbYKnVxw2bCFMRljaA7EXHaXZ8wsHdodFvbkhKmqg==

constructs@^3.3.69:
  version "3.4.80"
  resolved "https://registry.yarnpkg.com/constructs/-/constructs-3.4.80.tgz#f6c14e3a1faf6d575da04918d6850839c1e7bb02"
  integrity sha512-uRRurSj2byuJarXYmXqcIzdi+oaWJC9A2iem8k/BRJHdoiyuEL+LO86eoxDhyVYVkXkZuU1SP6YaNvPqThL9Xg==

create-require@^1.1.0:
  version "1.1.1"
  resolved "https://registry.yarnpkg.com/create-require/-/create-require-1.1.1.tgz#c1d7e8f1e5f6cfc9ff65f9cd352d37348756c333"
  integrity sha512-dcKFX3jn0MpIaXjisoRvexIJVEKzaq7z2rZKxf+MSr9TkdmHmsU4m2lcLojrj/FHl8mk5VxMmYA+ftRkP/3oKQ==

diff@^4.0.1:
  version "4.0.2"
  resolved "https://registry.yarnpkg.com/diff/-/diff-4.0.2.tgz#60f3aecb89d5fae520c11aa19efc2bb982aade7d"
  integrity sha512-58lmxKSA4BNyLz+HHMUzlOEpg09FV+ev6ZMe3vJihgdxzgcwZ8VoEEPmALCZG9LmqfVoNMMKpttIYTVG6uDY7A==

esbuild-android-64@0.15.5:
  version "0.15.5"
  resolved "https://registry.yarnpkg.com/esbuild-android-64/-/esbuild-android-64-0.15.5.tgz#3c7b2f2a59017dab3f2c0356188a8dd9cbdc91c8"
  integrity sha512-dYPPkiGNskvZqmIK29OPxolyY3tp+c47+Fsc2WYSOVjEPWNCHNyqhtFqQadcXMJDQt8eN0NMDukbyQgFcHquXg==

esbuild-android-arm64@0.15.5:
  version "0.15.5"
  resolved "https://registry.yarnpkg.com/esbuild-android-arm64/-/esbuild-android-arm64-0.15.5.tgz#e301db818c5a67b786bf3bb7320e414ac0fcf193"
  integrity sha512-YyEkaQl08ze3cBzI/4Cm1S+rVh8HMOpCdq8B78JLbNFHhzi4NixVN93xDrHZLztlocEYqi45rHHCgA8kZFidFg==

esbuild-darwin-64@0.15.5:
  version "0.15.5"
  resolved "https://registry.yarnpkg.com/esbuild-darwin-64/-/esbuild-darwin-64-0.15.5.tgz#11726de5d0bf5960b92421ef433e35871c091f8d"
  integrity sha512-Cr0iIqnWKx3ZTvDUAzG0H/u9dWjLE4c2gTtRLz4pqOBGjfjqdcZSfAObFzKTInLLSmD0ZV1I/mshhPoYSBMMCQ==

esbuild-darwin-arm64@0.15.5:
  version "0.15.5"
  resolved "https://registry.yarnpkg.com/esbuild-darwin-arm64/-/esbuild-darwin-arm64-0.15.5.tgz#ad89dafebb3613fd374f5a245bb0ce4132413997"
  integrity sha512-WIfQkocGtFrz7vCu44ypY5YmiFXpsxvz2xqwe688jFfSVCnUsCn2qkEVDo7gT8EpsLOz1J/OmqjExePL1dr1Kg==

esbuild-freebsd-64@0.15.5:
  version "0.15.5"
  resolved "https://registry.yarnpkg.com/esbuild-freebsd-64/-/esbuild-freebsd-64-0.15.5.tgz#6bfb52b4a0d29c965aa833e04126e95173289c8a"
  integrity sha512-M5/EfzV2RsMd/wqwR18CELcenZ8+fFxQAAEO7TJKDmP3knhWSbD72ILzrXFMMwshlPAS1ShCZ90jsxkm+8FlaA==

esbuild-freebsd-arm64@0.15.5:
  version "0.15.5"
  resolved "https://registry.yarnpkg.com/esbuild-freebsd-arm64/-/esbuild-freebsd-arm64-0.15.5.tgz#38a3fed8c6398072f9914856c7c3e3444f9ef4dd"
  integrity sha512-2JQQ5Qs9J0440F/n/aUBNvY6lTo4XP/4lt1TwDfHuo0DY3w5++anw+jTjfouLzbJmFFiwmX7SmUhMnysocx96w==

esbuild-linux-32@0.15.5:
  version "0.15.5"
  resolved "https://registry.yarnpkg.com/esbuild-linux-32/-/esbuild-linux-32-0.15.5.tgz#942dc70127f0c0a7ea91111baf2806e61fc81b32"
  integrity sha512-gO9vNnIN0FTUGjvTFucIXtBSr1Woymmx/aHQtuU+2OllGU6YFLs99960UD4Dib1kFovVgs59MTXwpFdVoSMZoQ==

esbuild-linux-64@0.15.5:
  version "0.15.5"
  resolved "https://registry.yarnpkg.com/esbuild-linux-64/-/esbuild-linux-64-0.15.5.tgz#6d748564492d5daaa7e62420862c31ac3a44aed9"
  integrity sha512-ne0GFdNLsm4veXbTnYAWjbx3shpNKZJUd6XpNbKNUZaNllDZfYQt0/zRqOg0sc7O8GQ+PjSMv9IpIEULXVTVmg==

esbuild-linux-arm64@0.15.5:
  version "0.15.5"
  resolved "https://registry.yarnpkg.com/esbuild-linux-arm64/-/esbuild-linux-arm64-0.15.5.tgz#28cd899beb2d2b0a3870fd44f4526835089a318d"
  integrity sha512-7EgFyP2zjO065XTfdCxiXVEk+f83RQ1JsryN1X/VSX2li9rnHAt2swRbpoz5Vlrl6qjHrCmq5b6yxD13z6RheA==

esbuild-linux-arm@0.15.5:
  version "0.15.5"
  resolved "https://registry.yarnpkg.com/esbuild-linux-arm/-/esbuild-linux-arm-0.15.5.tgz#6441c256225564d8794fdef5b0a69bc1a43051b5"
  integrity sha512-wvAoHEN+gJ/22gnvhZnS/+2H14HyAxM07m59RSLn3iXrQsdS518jnEWRBnJz3fR6BJa+VUTo0NxYjGaNt7RA7Q==

esbuild-linux-mips64le@0.15.5:
  version "0.15.5"
  resolved "https://registry.yarnpkg.com/esbuild-linux-mips64le/-/esbuild-linux-mips64le-0.15.5.tgz#d4927f817290eaffc062446896b2a553f0e11981"
  integrity sha512-KdnSkHxWrJ6Y40ABu+ipTZeRhFtc8dowGyFsZY5prsmMSr1ZTG9zQawguN4/tunJ0wy3+kD54GaGwdcpwWAvZQ==

esbuild-linux-ppc64le@0.15.5:
  version "0.15.5"
  resolved "https://registry.yarnpkg.com/esbuild-linux-ppc64le/-/esbuild-linux-ppc64le-0.15.5.tgz#b6d660dc6d5295f89ac51c675f1a2f639e2fb474"
  integrity sha512-QdRHGeZ2ykl5P0KRmfGBZIHmqcwIsUKWmmpZTOq573jRWwmpfRmS7xOhmDHBj9pxv+6qRMH8tLr2fe+ZKQvCYw==

esbuild-linux-riscv64@0.15.5:
  version "0.15.5"
  resolved "https://registry.yarnpkg.com/esbuild-linux-riscv64/-/esbuild-linux-riscv64-0.15.5.tgz#2801bf18414dc3d3ad58d1ea83084f00d9d84896"
  integrity sha512-p+WE6RX+jNILsf+exR29DwgV6B73khEQV0qWUbzxaycxawZ8NE0wA6HnnTxbiw5f4Gx9sJDUBemh9v49lKOORA==

esbuild-linux-s390x@0.15.5:
  version "0.15.5"
  resolved "https://registry.yarnpkg.com/esbuild-linux-s390x/-/esbuild-linux-s390x-0.15.5.tgz#12a634ae6d3384cacc2b8f4201047deafe596eae"
  integrity sha512-J2ngOB4cNzmqLHh6TYMM/ips8aoZIuzxJnDdWutBw5482jGXiOzsPoEF4j2WJ2mGnm7FBCO4StGcwzOgic70JQ==

esbuild-netbsd-64@0.15.5:
  version "0.15.5"
  resolved "https://registry.yarnpkg.com/esbuild-netbsd-64/-/esbuild-netbsd-64-0.15.5.tgz#951bbf87600512dfcfbe3b8d9d117d684d26c1b8"
  integrity sha512-MmKUYGDizYjFia0Rwt8oOgmiFH7zaYlsoQ3tIOfPxOqLssAsEgG0MUdRDm5lliqjiuoog8LyDu9srQk5YwWF3w==

esbuild-openbsd-64@0.15.5:
  version "0.15.5"
  resolved "https://registry.yarnpkg.com/esbuild-openbsd-64/-/esbuild-openbsd-64-0.15.5.tgz#26705b61961d525d79a772232e8b8f211fdbb035"
  integrity sha512-2mMFfkLk3oPWfopA9Plj4hyhqHNuGyp5KQyTT9Rc8hFd8wAn5ZrbJg+gNcLMo2yzf8Uiu0RT6G9B15YN9WQyMA==

esbuild-sunos-64@0.15.5:
  version "0.15.5"
  resolved "https://registry.yarnpkg.com/esbuild-sunos-64/-/esbuild-sunos-64-0.15.5.tgz#d794da1ae60e6e2f6194c44d7b3c66bf66c7a141"
  integrity sha512-2sIzhMUfLNoD+rdmV6AacilCHSxZIoGAU2oT7XmJ0lXcZWnCvCtObvO6D4puxX9YRE97GodciRGDLBaiC6x1SA==

esbuild-windows-32@0.15.5:
  version "0.15.5"
  resolved "https://registry.yarnpkg.com/esbuild-windows-32/-/esbuild-windows-32-0.15.5.tgz#0670326903f421424be86bc03b7f7b3ff86a9db7"
  integrity sha512-e+duNED9UBop7Vnlap6XKedA/53lIi12xv2ebeNS4gFmu7aKyTrok7DPIZyU5w/ftHD4MUDs5PJUkQPP9xJRzg==

esbuild-windows-64@0.15.5:
  version "0.15.5"
  resolved "https://registry.yarnpkg.com/esbuild-windows-64/-/esbuild-windows-64-0.15.5.tgz#64f32acb7341f3f0a4d10e8ff1998c2d1ebfc0a9"
  integrity sha512-v+PjvNtSASHOjPDMIai9Yi+aP+Vwox+3WVdg2JB8N9aivJ7lyhp4NVU+J0MV2OkWFPnVO8AE/7xH+72ibUUEnw==

esbuild-windows-arm64@0.15.5:
  version "0.15.5"
  resolved "https://registry.yarnpkg.com/esbuild-windows-arm64/-/esbuild-windows-arm64-0.15.5.tgz#4fe7f333ce22a922906b10233c62171673a3854b"
  integrity sha512-Yz8w/D8CUPYstvVQujByu6mlf48lKmXkq6bkeSZZxTA626efQOJb26aDGLzmFWx6eg/FwrXgt6SZs9V8Pwy/aA==

esbuild@^0.15.5:
  version "0.15.5"
  resolved "https://registry.yarnpkg.com/esbuild/-/esbuild-0.15.5.tgz#5effd05666f621d4ff2fe2c76a67c198292193ff"
  integrity sha512-VSf6S1QVqvxfIsSKb3UKr3VhUCis7wgDbtF4Vd9z84UJr05/Sp2fRKmzC+CSPG/dNAPPJZ0BTBLTT1Fhd6N9Gg==
  optionalDependencies:
    "@esbuild/linux-loong64" "0.15.5"
    esbuild-android-64 "0.15.5"
    esbuild-android-arm64 "0.15.5"
    esbuild-darwin-64 "0.15.5"
    esbuild-darwin-arm64 "0.15.5"
    esbuild-freebsd-64 "0.15.5"
    esbuild-freebsd-arm64 "0.15.5"
    esbuild-linux-32 "0.15.5"
    esbuild-linux-64 "0.15.5"
    esbuild-linux-arm "0.15.5"
    esbuild-linux-arm64 "0.15.5"
    esbuild-linux-mips64le "0.15.5"
    esbuild-linux-ppc64le "0.15.5"
    esbuild-linux-riscv64 "0.15.5"
    esbuild-linux-s390x "0.15.5"
    esbuild-netbsd-64 "0.15.5"
    esbuild-openbsd-64 "0.15.5"
    esbuild-sunos-64 "0.15.5"
    esbuild-windows-32 "0.15.5"
    esbuild-windows-64 "0.15.5"
    esbuild-windows-arm64 "0.15.5"

fs-extra@^9.1.0:
  version "9.1.0"
  resolved "https://registry.yarnpkg.com/fs-extra/-/fs-extra-9.1.0.tgz#5954460c764a8da2094ba3554bf839e6b9a7c86d"
  integrity sha512-hcg3ZmepS30/7BSFqRvoo3DOMQu7IjqxO5nCDt+zM9XWjb33Wg7ziNT+Qvqbuc3+gWpzO02JubVyk2G4Zvo1OQ==
  dependencies:
    at-least-node "^1.0.0"
    graceful-fs "^4.2.0"
    jsonfile "^6.0.1"
    universalify "^2.0.0"

fsevents@2.3.2:
  version "2.3.2"
  resolved "https://registry.yarnpkg.com/fsevents/-/fsevents-2.3.2.tgz#8a526f78b8fdf4623b709e0b975c52c24c02fd1a"
  integrity sha512-xiqMQR4xAeHTuB9uWm+fFRcIOgKBMiOBP+eXiyT7jsgVCq1bkVygt00oASowB7EdtpOHaaPgKt812P9ab+DDKA==

graceful-fs@^4.1.6, graceful-fs@^4.2.0:
  version "4.2.10"
  resolved "https://registry.yarnpkg.com/graceful-fs/-/graceful-fs-4.2.10.tgz#147d3a006da4ca3ce14728c7aefc287c367d7a6c"
  integrity sha512-9ByhssR2fPVsNZj478qUUbKfmL0+t5BDVyjShtyZZLiK7ZDAArFFfopyOTj0M05wE2tJPisA4iTnnXl2YoPvOA==

ignore@^5.2.0:
  version "5.2.0"
  resolved "https://registry.yarnpkg.com/ignore/-/ignore-5.2.0.tgz#6d3bac8fa7fe0d45d9f9be7bac2fc279577e345a"
  integrity sha512-CmxgYGiEPCLhfLnpPp1MoRmifwEIOgjcHXxOBjv7mY96c+eWScsOP9c112ZyLdWHi0FxHjI+4uVhKYp/gcdRmQ==

jsonfile@^6.0.1:
  version "6.1.0"
  resolved "https://registry.yarnpkg.com/jsonfile/-/jsonfile-6.1.0.tgz#bc55b2634793c679ec6403094eb13698a6ec0aae"
  integrity sha512-5dgndWOriYSm5cnYaJNhalLNDKOqFwyDB/rr1E9ZsGciGvKPs8R2xYGCacuf3z6K1YKDz182fd+fY3cn3pMqXQ==
  dependencies:
    universalify "^2.0.0"
  optionalDependencies:
    graceful-fs "^4.1.6"

jsonschema@^1.4.1:
  version "1.4.1"
  resolved "https://registry.yarnpkg.com/jsonschema/-/jsonschema-1.4.1.tgz#cc4c3f0077fb4542982973d8a083b6b34f482dab"
  integrity sha512-S6cATIPVv1z0IlxdN+zUk5EPjkGCdnhN4wVSBlvoUO1tOLJootbo9CquNJmbIh4yikWHiUedhRYrNPn1arpEmQ==

lru-cache@^6.0.0:
  version "6.0.0"
  resolved "https://registry.yarnpkg.com/lru-cache/-/lru-cache-6.0.0.tgz#6d6fe6570ebd96aaf90fcad1dafa3b2566db3a94"
  integrity sha512-Jo6dJ04CmSjuznwJSS3pUeWmd/H0ffTlkXXgwZi+eq1UCmqQwCh+eLsYOYCwY991i2Fah4h1BEMCx4qThGbsiA==
  dependencies:
    yallist "^4.0.0"

make-error@^1.1.1:
  version "1.3.6"
  resolved "https://registry.yarnpkg.com/make-error/-/make-error-1.3.6.tgz#2eb2e37ea9b67c4891f684a1394799af484cf7a2"
  integrity sha512-s8UhlNe7vPKomQhC1qFelMokr/Sc3AgNbso3n74mVPA5LTZwkB9NlXf4XPamLxJE8h0gh73rM94xvwRT2CVInw==

minimatch@^3.1.2:
  version "3.1.2"
  resolved "https://registry.yarnpkg.com/minimatch/-/minimatch-3.1.2.tgz#19cd194bfd3e428f049a70817c038d89ab4be35b"
  integrity sha512-J7p63hRiAjw1NDEww1W7i37+ByIrOWO5XQQAzZ3VOcL0PNybwpfmV/N05zFAzwQ9USyEcX6t3UO+K5aqBQOIHw==
  dependencies:
    brace-expansion "^1.1.7"

semver@^7.3.7:
  version "7.3.7"
  resolved "https://registry.yarnpkg.com/semver/-/semver-7.3.7.tgz#12c5b649afdbf9049707796e22a4028814ce523f"
  integrity sha512-QlYTucUYOews+WeEujDoEGziz4K6c47V/Bd+LjSSYcA94p+DmINdf7ncaUinThfvZyu13lN9OY1XDxt8C0Tw0g==
  dependencies:
    lru-cache "^6.0.0"

ts-node@^10.8.1:
  version "10.9.1"
  resolved "https://registry.yarnpkg.com/ts-node/-/ts-node-10.9.1.tgz#e73de9102958af9e1f0b168a6ff320e25adcff4b"
  integrity sha512-NtVysVPkxxrwFGUUxGYhfux8k78pQB3JqYBXlLRZgdGUqTO5wU/UyHop5p70iEbGhB7q5KmiZiU0Y3KlJrScEw==
  dependencies:
    "@cspotcode/source-map-support" "^0.8.0"
    "@tsconfig/node10" "^1.0.7"
    "@tsconfig/node12" "^1.0.7"
    "@tsconfig/node14" "^1.0.0"
    "@tsconfig/node16" "^1.0.2"
    acorn "^8.4.1"
    acorn-walk "^8.1.1"
    arg "^4.1.0"
    create-require "^1.1.0"
    diff "^4.0.1"
    make-error "^1.1.1"
    v8-compile-cache-lib "^3.0.1"
    yn "3.1.1"

typescript@^4.8.2:
  version "4.8.2"
  resolved "https://registry.yarnpkg.com/typescript/-/typescript-4.8.2.tgz#e3b33d5ccfb5914e4eeab6699cf208adee3fd790"
  integrity sha512-C0I1UsrrDHo2fYI5oaCGbSejwX4ch+9Y5jTQELvovfmFkK3HHSZJB8MSJcWLmCUBzQBchCrZ9rMRV6GuNrvGtw==

universalify@^2.0.0:
  version "2.0.0"
  resolved "https://registry.yarnpkg.com/universalify/-/universalify-2.0.0.tgz#75a4984efedc4b08975c5aeb73f530d02df25717"
  integrity sha512-hAZsKq7Yy11Zu1DE0OzWjw7nnLZmJZYTDZZyEFHZdUhV8FkH5MCfoU1XMaxXovpyW5nq5scPqq0ZDP9Zyl04oQ==

v8-compile-cache-lib@^3.0.1:
  version "3.0.1"
  resolved "https://registry.yarnpkg.com/v8-compile-cache-lib/-/v8-compile-cache-lib-3.0.1.tgz#6336e8d71965cb3d35a1bbb7868445a7c05264bf"
  integrity sha512-wa7YjyUGfNZngI/vtK0UHAN+lgDCxBPCylVXGp0zu59Fz5aiGtNXaq3DhIov063MorB+VfufLh3JlF2KdTK3xg==

yallist@^4.0.0:
  version "4.0.0"
  resolved "https://registry.yarnpkg.com/yallist/-/yallist-4.0.0.tgz#9bb92790d9c0effec63be73519e11a35019a3a72"
  integrity sha512-3wdGidZyq5PB084XLES5TpOSRA3wjXAlIWMhum2kRcv/41Sn2emQ0dycQW4uZXLejwKvg6EsvbdlVL+FYEct7A==

yn@3.1.1:
  version "3.1.1"
  resolved "https://registry.yarnpkg.com/yn/-/yn-3.1.1.tgz#1e87401a09d767c1d5eab26a6e4c185182d2eb50"
  integrity sha512-Ux4ygGWsu2c7isFWe8Yu1YluJmqVhxqK2cLXNQA5AcC3QfbGNpM7fu0Y8b/z16pXLnFxZYvWhd3fhBY9DLmC6Q==
